
Microsoft Visual Studio Solution File, Format Version 12.00
# Visual Studio Version 16
VisualStudioVersion = 16.0.29609.76
MinimumVisualStudioVersion = 10.0.40219.1
Project("{FAE04EC0-301F-11D3-BF4B-00C04F79EFBC}") = "Start-Micro-Weather-Prediction-Service", "Start-Micro-Weather-Prediction-Service.csproj", "{CD47F076-862C-4990-9ABA-270D1C441779}"
EndProject
Global
	GlobalSection(SolutionConfigurationPlatforms) = preSolution
		Debug|Any CPU = Debug|Any CPU
		Release|Any CPU = Release|Any CPU
	EndGlobalSection
	GlobalSection(ProjectConfigurationPlatforms) = postSolution
		{CD47F076-862C-4990-9ABA-270D1C441779}.Debug|Any CPU.ActiveCfg = Debug|Any CPU
		{CD47F076-862C-4990-9ABA-270D1C441779}.Debug|Any CPU.Build.0 = Debug|Any CPU
		{CD47F076-862C-4990-9ABA-270D1C441779}.Release|Any CPU.ActiveCfg = Release|Any CPU
		{CD47F076-862C-4990-9ABA-270D1C441779}.Release|Any CPU.Build.0 = Release|Any CPU
	EndGlobalSection
	GlobalSection(SolutionProperties) = preSolution
		HideSolutionNode = FALSE
	EndGlobalSection
	GlobalSection(ExtensibilityGlobals) = postSolution
		SolutionGuid = {A6CF2ECE-2B7E-4F73-9721-77561641B7CE}
	EndGlobalSection
EndGlobal
