
Microsoft Visual Studio Solution File, Format Version 12.00
# Visual Studio Version 16
VisualStudioVersion = 16.0.29609.76
MinimumVisualStudioVersion = 10.0.40219.1
Project("{FAE04EC0-301F-11D3-BF4B-00C04F79EFBC}") = "Start-Micro-Grpc-Services", "Start-Micro-Grpc-Services.csproj", "{BC227A83-971D-43FD-B84A-B4230952A130}"
EndProject
Global
	GlobalSection(SolutionConfigurationPlatforms) = preSolution
		Debug|Any CPU = Debug|Any CPU
		Release|Any CPU = Release|Any CPU
	EndGlobalSection
	GlobalSection(ProjectConfigurationPlatforms) = postSolution
		{BC227A83-971D-43FD-B84A-B4230952A130}.Debug|Any CPU.ActiveCfg = Debug|Any CPU
		{BC227A83-971D-43FD-B84A-B4230952A130}.Debug|Any CPU.Build.0 = Debug|Any CPU
		{BC227A83-971D-43FD-B84A-B4230952A130}.Release|Any CPU.ActiveCfg = Release|Any CPU
		{BC227A83-971D-43FD-B84A-B4230952A130}.Release|Any CPU.Build.0 = Release|Any CPU
	EndGlobalSection
	GlobalSection(SolutionProperties) = preSolution
		HideSolutionNode = FALSE
	EndGlobalSection
	GlobalSection(ExtensibilityGlobals) = postSolution
		SolutionGuid = {B00B007C-893D-4397-8692-B5119283477B}
	EndGlobalSection
EndGlobal
